
Microsoft Visual Studio Solution File, Format Version 12.00
# Visual Studio Version 17
VisualStudioVersion = 17.4.33110.190
MinimumVisualStudioVersion = 10.0.40219.1
Project("{FAE04EC0-301F-11D3-BF4B-00C04F79EFBC}") = "Siccity.GLTFUtility", "EcommerceUnityProject\Siccity.GLTFUtility.csproj", "{4DE74236-9EF7-4649-171A-96D3172253AE}"
EndProject
Project("{FAE04EC0-301F-11D3-BF4B-00C04F79EFBC}") = "Assembly-CSharp", "EcommerceUnityProject\Assembly-CSharp.csproj", "{E97200E3-11BC-CAB3-8BF9-2D36501033F1}"
EndProject
Project("{FAE04EC0-301F-11D3-BF4B-00C04F79EFBC}") = "Siccity.GLTFUtility.Editor", "EcommerceUnityProject\Siccity.GLTFUtility.Editor.csproj", "{1EB869E2-4275-4917-824C-8F9F66032AE2}"
EndProject
Project("{FAE04EC0-301F-11D3-BF4B-00C04F79EFBC}") = "Assembly-CSharp-Editor", "EcommerceUnityProject\Assembly-CSharp-Editor.csproj", "{2F956380-D5C7-54C7-6BC6-7CF304933438}"
EndProject
Project("{FAE04EC0-301F-11D3-BF4B-00C04F79EFBC}") = "EditorTests", "EcommerceUnityProject\EditorTests.csproj", "{EB3466AA-F451-B757-C66E-73FCB5250EA1}"
EndProject
Project("{9A19103F-16F7-4668-BE54-9A1E7A4F7556}") = "Server", "Server\Server.csproj", "{1FF19D67-476E-4D2B-BD85-AE183C4E8301}"
EndProject
Project("{9A19103F-16F7-4668-BE54-9A1E7A4F7556}") = "ServerTests", "ServerTests\ServerTests.csproj", "{11E72EA1-959B-47E9-ABC0-CE46016D822B}"
EndProject
Project("{9A19103F-16F7-4668-BE54-9A1E7A4F7556}") = "Shared", "Shared\Shared.csproj", "{6D5B59BA-E164-4334-A72A-FED159265B68}"
EndProject
Global
	GlobalSection(SolutionConfigurationPlatforms) = preSolution
		Debug|Any CPU = Debug|Any CPU
		Release|Any CPU = Release|Any CPU
	EndGlobalSection
	GlobalSection(ProjectConfigurationPlatforms) = postSolution
		{4DE74236-9EF7-4649-171A-96D3172253AE}.Debug|Any CPU.ActiveCfg = Debug|Any CPU
		{4DE74236-9EF7-4649-171A-96D3172253AE}.Debug|Any CPU.Build.0 = Debug|Any CPU
		{4DE74236-9EF7-4649-171A-96D3172253AE}.Release|Any CPU.ActiveCfg = Release|Any CPU
		{4DE74236-9EF7-4649-171A-96D3172253AE}.Release|Any CPU.Build.0 = Release|Any CPU
		{E97200E3-11BC-CAB3-8BF9-2D36501033F1}.Debug|Any CPU.ActiveCfg = Debug|Any CPU
		{E97200E3-11BC-CAB3-8BF9-2D36501033F1}.Debug|Any CPU.Build.0 = Debug|Any CPU
		{E97200E3-11BC-CAB3-8BF9-2D36501033F1}.Release|Any CPU.ActiveCfg = Release|Any CPU
		{E97200E3-11BC-CAB3-8BF9-2D36501033F1}.Release|Any CPU.Build.0 = Release|Any CPU
		{1EB869E2-4275-4917-824C-8F9F66032AE2}.Debug|Any CPU.ActiveCfg = Debug|Any CPU
		{1EB869E2-4275-4917-824C-8F9F66032AE2}.Debug|Any CPU.Build.0 = Debug|Any CPU
		{1EB869E2-4275-4917-824C-8F9F66032AE2}.Release|Any CPU.ActiveCfg = Release|Any CPU
		{1EB869E2-4275-4917-824C-8F9F66032AE2}.Release|Any CPU.Build.0 = Release|Any CPU
		{2F956380-D5C7-54C7-6BC6-7CF304933438}.Debug|Any CPU.ActiveCfg = Debug|Any CPU
		{2F956380-D5C7-54C7-6BC6-7CF304933438}.Debug|Any CPU.Build.0 = Debug|Any CPU
		{2F956380-D5C7-54C7-6BC6-7CF304933438}.Release|Any CPU.ActiveCfg = Release|Any CPU
		{2F956380-D5C7-54C7-6BC6-7CF304933438}.Release|Any CPU.Build.0 = Release|Any CPU
		{EB3466AA-F451-B757-C66E-73FCB5250EA1}.Debug|Any CPU.ActiveCfg = Debug|Any CPU
		{EB3466AA-F451-B757-C66E-73FCB5250EA1}.Debug|Any CPU.Build.0 = Debug|Any CPU
		{EB3466AA-F451-B757-C66E-73FCB5250EA1}.Release|Any CPU.ActiveCfg = Release|Any CPU
		{EB3466AA-F451-B757-C66E-73FCB5250EA1}.Release|Any CPU.Build.0 = Release|Any CPU
		{1FF19D67-476E-4D2B-BD85-AE183C4E8301}.Debug|Any CPU.ActiveCfg = Debug|Any CPU
		{1FF19D67-476E-4D2B-BD85-AE183C4E8301}.Debug|Any CPU.Build.0 = Debug|Any CPU
		{1FF19D67-476E-4D2B-BD85-AE183C4E8301}.Release|Any CPU.ActiveCfg = Release|Any CPU
		{1FF19D67-476E-4D2B-BD85-AE183C4E8301}.Release|Any CPU.Build.0 = Release|Any CPU
		{11E72EA1-959B-47E9-ABC0-CE46016D822B}.Debug|Any CPU.ActiveCfg = Debug|Any CPU
		{11E72EA1-959B-47E9-ABC0-CE46016D822B}.Debug|Any CPU.Build.0 = Debug|Any CPU
		{11E72EA1-959B-47E9-ABC0-CE46016D822B}.Release|Any CPU.ActiveCfg = Release|Any CPU
		{11E72EA1-959B-47E9-ABC0-CE46016D822B}.Release|Any CPU.Build.0 = Release|Any CPU
		{6D5B59BA-E164-4334-A72A-FED159265B68}.Debug|Any CPU.ActiveCfg = Debug|Any CPU
		{6D5B59BA-E164-4334-A72A-FED159265B68}.Debug|Any CPU.Build.0 = Debug|Any CPU
		{6D5B59BA-E164-4334-A72A-FED159265B68}.Release|Any CPU.ActiveCfg = Release|Any CPU
		{6D5B59BA-E164-4334-A72A-FED159265B68}.Release|Any CPU.Build.0 = Release|Any CPU
	EndGlobalSection
	GlobalSection(SolutionProperties) = preSolution
		HideSolutionNode = FALSE
	EndGlobalSection
	GlobalSection(ExtensibilityGlobals) = postSolution
		SolutionGuid = {0AFD4465-1FAC-466F-BC21-74B3BB64537E}
	EndGlobalSection
EndGlobal
